
Microsoft Visual Studio Solution File, Format Version 12.00
# Visual Studio 15
VisualStudioVersion = 15.0.27130.2010
MinimumVisualStudioVersion = 10.0.40219.1
Project("{FAE04EC0-301F-11D3-BF4B-00C04F79EFBC}") = "ASP_NET_MVC_Q2", "ASP_NET_MVC_Q2\ASP_NET_MVC_Q2.csproj", "{6E01C5A7-DB9E-4E8F-9718-09679958C57B}"
EndProject
Global
	GlobalSection(SolutionConfigurationPlatforms) = preSolution
		Debug|Any CPU = Debug|Any CPU
		Release|Any CPU = Release|Any CPU
	EndGlobalSection
	GlobalSection(ProjectConfigurationPlatforms) = postSolution
		{6E01C5A7-DB9E-4E8F-9718-09679958C57B}.Debug|Any CPU.ActiveCfg = Debug|Any CPU
		{6E01C5A7-DB9E-4E8F-9718-09679958C57B}.Debug|Any CPU.Build.0 = Debug|Any CPU
		{6E01C5A7-DB9E-4E8F-9718-09679958C57B}.Release|Any CPU.ActiveCfg = Release|Any CPU
		{6E01C5A7-DB9E-4E8F-9718-09679958C57B}.Release|Any CPU.Build.0 = Release|Any CPU
	EndGlobalSection
	GlobalSection(SolutionProperties) = preSolution
		HideSolutionNode = FALSE
	EndGlobalSection
	GlobalSection(ExtensibilityGlobals) = postSolution
		SolutionGuid = {12738138-81BB-4A78-BBF0-2D08CDDEB59F}
	EndGlobalSection
EndGlobal
